# generated by rye
# use `rye lock` or `rye sync` to update this lockfile
#
# last locked with the following flags:
#   pre: false
#   features: []
#   all-features: true
#   with-sources: false

-e file:.
altgraph==0.17.4
    # via pyinstaller
certifi==2024.6.2
    # via requests
cfgv==3.4.0
    # via pre-commit
charset-normalizer==3.3.2
    # via requests
click==8.1.7
    # via typer
commonmark==0.9.1
    # via rich
distlib==0.3.8
    # via virtualenv
durations==0.3.3
    # via getrel
exceptiongroup==1.2.1
    # via pytest
filelock==3.14.0
    # via virtualenv
humanize==4.9.0
    # via getrel
identify==2.5.36
    # via pre-commit
idna==3.7
    # via requests
importlib-metadata==7.1.0
    # via pyinstaller
    # via pyinstaller-hooks-contrib
iniconfig==2.0.0
    # via pytest
mypy==1.10.0
mypy-extensions==1.0.0
    # via mypy
nodeenv==1.9.0
    # via pre-commit
packaging==24.0
    # via pyinstaller
    # via pyinstaller-hooks-contrib
    # via pytest
pathlib2==2.3.7.post1
    # via getrel
platformdirs==4.2.2
    # via virtualenv
pluggy==1.5.0
    # via pytest
pre-commit==3.5.0
prompt-toolkit==3.0.45
    # via questionary
pygments==2.18.0
    # via rich
pyinstaller==6.7.0
pyinstaller-hooks-contrib==2024.6
    # via pyinstaller
pytest==8.2.1
python-dateutil==2.9.0.post0
    # via getrel
python-magic==0.4.27
    # via getrel
pyyaml==6.0.1
    # via pre-commit
questionary==1.10.0
    # via getrel
requests==2.32.3
    # via getrel
rich==12.6.0
    # via getrel
    # via typer
setuptools==70.0.0
    # via pyinstaller
    # via pyinstaller-hooks-contrib
shellingham==1.5.4
    # via typer
six==1.16.0
    # via pathlib2
    # via python-dateutil
tomli==2.0.1
    # via mypy
    # via pytest
tomlkit==0.12.5
    # via getrel
typer==0.12.3
    # via getrel
types-docutils==0.21.0.20240423
    # via types-pygments
types-pygments==2.18.0.20240506
types-python-dateutil==2.9.0.20240316
types-requests==2.32.0.20240602
types-setuptools==70.0.0.20240524
    # via types-pygments
typing-extensions==4.12.1
    # via mypy
    # via rich
    # via typer
urllib3==2.2.1
    # via requests
    # via types-requests
virtualenv==20.26.2
    # via pre-commit
wcwidth==0.2.13
    # via prompt-toolkit
xdg==5.1.1
    # via getrel
zipp==3.19.1
    # via importlib-metadata
