# generated by rye
# use `rye lock` or `rye sync` to update this lockfile
#
# last locked with the following flags:
#   pre: false
#   features: []
#   all-features: true
#   with-sources: false

-e file:.
certifi==2024.6.2
    # via requests
charset-normalizer==3.3.2
    # via requests
click==8.1.7
    # via typer
commonmark==0.9.1
    # via rich
durations==0.3.3
    # via getrel
humanize==4.9.0
    # via getrel
idna==3.7
    # via requests
pathlib2==2.3.7.post1
    # via getrel
prompt-toolkit==3.0.45
    # via questionary
pygments==2.18.0
    # via rich
python-dateutil==2.9.0.post0
    # via getrel
python-magic==0.4.27
    # via getrel
questionary==1.10.0
    # via getrel
requests==2.32.3
    # via getrel
rich==12.6.0
    # via getrel
    # via typer
shellingham==1.5.4
    # via typer
six==1.16.0
    # via pathlib2
    # via python-dateutil
tomlkit==0.12.5
    # via getrel
typer==0.12.3
    # via getrel
typing-extensions==4.12.1
    # via rich
    # via typer
urllib3==2.2.1
    # via requests
wcwidth==0.2.13
    # via prompt-toolkit
xdg==5.1.1
    # via getrel
