version = 1
revision = 3
requires-python = ">=3.12"

[[package]]
name = "colorama"
version = "0.4.6"
source = { registry = "https://pypi.org/simple" }
sdist = { url = "https://files.pythonhosted.org/packages/d8/53/6f443c9a4a8358a93a6792e2acffb9d9d5cb0a5cfd8802644b7b1c9a02e4/colorama-0.4.6.tar.gz", hash = "sha256:08695f5cb7ed6e0531a20572697297273c47b8cae5a63ffc6d6ed5c201be6e44", size = 27697, upload-time = "2022-10-25T02:36:22.414Z" }
wheels = [
    { url = "https://files.pythonhosted.org/packages/d1/d6/3965ed04c63042e047cb6a3e6ed1a63a35087b6a609aa3a15ed8ac56c221/colorama-0.4.6-py2.py3-none-any.whl", hash = "sha256:4f1d9991f5acc0ca119f9d443620b77f9d6b33703e51011c16baf57afb285fc6", size = 25335, upload-time = "2022-10-25T02:36:20.889Z" },
]

[[package]]
name = "getrel"
version = "0.1.0"
source = { editable = "." }
dependencies = [
    { name = "more-itertools" },
    { name = "msgspec" },
    { name = "python-magic" },
]

[package.dev-dependencies]
dev = [
    { name = "pytest" },
    { name = "ruff" },
]

[package.metadata]
requires-dist = [
    { name = "more-itertools", specifier = ">=10.7.0" },
    { name = "msgspec", specifier = ">=0.19.0" },
    { name = "python-magic", specifier = ">=0.4.27" },
]

[package.metadata.requires-dev]
dev = [
    { name = "pytest", specifier = ">=8.4.1" },
    { name = "ruff", specifier = ">=0.12.9" },
]

[[package]]
name = "iniconfig"
version = "2.1.0"
source = { registry = "https://pypi.org/simple" }
sdist = { url = "https://files.pythonhosted.org/packages/f2/97/ebf4da567aa6827c909642694d71c9fcf53e5b504f2d96afea02718862f3/iniconfig-2.1.0.tar.gz", hash = "sha256:3abbd2e30b36733fee78f9c7f7308f2d0050e88f0087fd25c2645f63c773e1c7", size = 4793, upload-time = "2025-03-19T20:09:59.721Z" }
wheels = [
    { url = "https://files.pythonhosted.org/packages/2c/e1/e6716421ea10d38022b952c159d5161ca1193197fb744506875fbb87ea7b/iniconfig-2.1.0-py3-none-any.whl", hash = "sha256:9deba5723312380e77435581c6bf4935c94cbfab9b1ed33ef8d238ea168eb760", size = 6050, upload-time = "2025-03-19T20:10:01.071Z" },
]

[[package]]
name = "more-itertools"
version = "10.7.0"
source = { registry = "https://pypi.org/simple" }
sdist = { url = "https://files.pythonhosted.org/packages/ce/a0/834b0cebabbfc7e311f30b46c8188790a37f89fc8d756660346fe5abfd09/more_itertools-10.7.0.tar.gz", hash = "sha256:9fddd5403be01a94b204faadcff459ec3568cf110265d3c54323e1e866ad29d3", size = 127671, upload-time = "2025-04-22T14:17:41.838Z" }
wheels = [
    { url = "https://files.pythonhosted.org/packages/2b/9f/7ba6f94fc1e9ac3d2b853fdff3035fb2fa5afbed898c4a72b8a020610594/more_itertools-10.7.0-py3-none-any.whl", hash = "sha256:d43980384673cb07d2f7d2d918c616b30c659c089ee23953f601d6609c67510e", size = 65278, upload-time = "2025-04-22T14:17:40.49Z" },
]

[[package]]
name = "msgspec"
version = "0.19.0"
source = { registry = "https://pypi.org/simple" }
sdist = { url = "https://files.pythonhosted.org/packages/cf/9b/95d8ce458462b8b71b8a70fa94563b2498b89933689f3a7b8911edfae3d7/msgspec-0.19.0.tar.gz", hash = "sha256:604037e7cd475345848116e89c553aa9a233259733ab51986ac924ab1b976f8e", size = 216934, upload-time = "2024-12-27T17:40:28.597Z" }
wheels = [
    { url = "https://files.pythonhosted.org/packages/b2/5f/a70c24f075e3e7af2fae5414c7048b0e11389685b7f717bb55ba282a34a7/msgspec-0.19.0-cp312-cp312-macosx_10_13_x86_64.whl", hash = "sha256:f98bd8962ad549c27d63845b50af3f53ec468b6318400c9f1adfe8b092d7b62f", size = 190485, upload-time = "2024-12-27T17:39:44.974Z" },
    { url = "https://files.pythonhosted.org/packages/89/b0/1b9763938cfae12acf14b682fcf05c92855974d921a5a985ecc197d1c672/msgspec-0.19.0-cp312-cp312-macosx_11_0_arm64.whl", hash = "sha256:43bbb237feab761b815ed9df43b266114203f53596f9b6e6f00ebd79d178cdf2", size = 183910, upload-time = "2024-12-27T17:39:46.401Z" },
    { url = "https://files.pythonhosted.org/packages/87/81/0c8c93f0b92c97e326b279795f9c5b956c5a97af28ca0fbb9fd86c83737a/msgspec-0.19.0-cp312-cp312-manylinux_2_17_aarch64.manylinux2014_aarch64.whl", hash = "sha256:4cfc033c02c3e0aec52b71710d7f84cb3ca5eb407ab2ad23d75631153fdb1f12", size = 210633, upload-time = "2024-12-27T17:39:49.099Z" },
    { url = "https://files.pythonhosted.org/packages/d0/ef/c5422ce8af73928d194a6606f8ae36e93a52fd5e8df5abd366903a5ca8da/msgspec-0.19.0-cp312-cp312-manylinux_2_17_x86_64.manylinux2014_x86_64.whl", hash = "sha256:d911c442571605e17658ca2b416fd8579c5050ac9adc5e00c2cb3126c97f73bc", size = 213594, upload-time = "2024-12-27T17:39:51.204Z" },
    { url = "https://files.pythonhosted.org/packages/19/2b/4137bc2ed45660444842d042be2cf5b18aa06efd2cda107cff18253b9653/msgspec-0.19.0-cp312-cp312-musllinux_1_2_aarch64.whl", hash = "sha256:757b501fa57e24896cf40a831442b19a864f56d253679f34f260dcb002524a6c", size = 214053, upload-time = "2024-12-27T17:39:52.866Z" },
    { url = "https://files.pythonhosted.org/packages/9d/e6/8ad51bdc806aac1dc501e8fe43f759f9ed7284043d722b53323ea421c360/msgspec-0.19.0-cp312-cp312-musllinux_1_2_x86_64.whl", hash = "sha256:5f0f65f29b45e2816d8bded36e6b837a4bf5fb60ec4bc3c625fa2c6da4124537", size = 219081, upload-time = "2024-12-27T17:39:55.142Z" },
    { url = "https://files.pythonhosted.org/packages/b1/ef/27dd35a7049c9a4f4211c6cd6a8c9db0a50647546f003a5867827ec45391/msgspec-0.19.0-cp312-cp312-win_amd64.whl", hash = "sha256:067f0de1c33cfa0b6a8206562efdf6be5985b988b53dd244a8e06f993f27c8c0", size = 187467, upload-time = "2024-12-27T17:39:56.531Z" },
    { url = "https://files.pythonhosted.org/packages/3c/cb/2842c312bbe618d8fefc8b9cedce37f773cdc8fa453306546dba2c21fd98/msgspec-0.19.0-cp313-cp313-macosx_10_13_x86_64.whl", hash = "sha256:f12d30dd6266557aaaf0aa0f9580a9a8fbeadfa83699c487713e355ec5f0bd86", size = 190498, upload-time = "2024-12-27T17:40:00.427Z" },
    { url = "https://files.pythonhosted.org/packages/58/95/c40b01b93465e1a5f3b6c7d91b10fb574818163740cc3acbe722d1e0e7e4/msgspec-0.19.0-cp313-cp313-macosx_11_0_arm64.whl", hash = "sha256:82b2c42c1b9ebc89e822e7e13bbe9d17ede0c23c187469fdd9505afd5a481314", size = 183950, upload-time = "2024-12-27T17:40:04.219Z" },
    { url = "https://files.pythonhosted.org/packages/e8/f0/5b764e066ce9aba4b70d1db8b087ea66098c7c27d59b9dd8a3532774d48f/msgspec-0.19.0-cp313-cp313-manylinux_2_17_aarch64.manylinux2014_aarch64.whl", hash = "sha256:19746b50be214a54239aab822964f2ac81e38b0055cca94808359d779338c10e", size = 210647, upload-time = "2024-12-27T17:40:05.606Z" },
    { url = "https://files.pythonhosted.org/packages/9d/87/bc14f49bc95c4cb0dd0a8c56028a67c014ee7e6818ccdce74a4862af259b/msgspec-0.19.0-cp313-cp313-manylinux_2_17_x86_64.manylinux2014_x86_64.whl", hash = "sha256:60ef4bdb0ec8e4ad62e5a1f95230c08efb1f64f32e6e8dd2ced685bcc73858b5", size = 213563, upload-time = "2024-12-27T17:40:10.516Z" },
    { url = "https://files.pythonhosted.org/packages/53/2f/2b1c2b056894fbaa975f68f81e3014bb447516a8b010f1bed3fb0e016ed7/msgspec-0.19.0-cp313-cp313-musllinux_1_2_aarch64.whl", hash = "sha256:ac7f7c377c122b649f7545810c6cd1b47586e3aa3059126ce3516ac7ccc6a6a9", size = 213996, upload-time = "2024-12-27T17:40:12.244Z" },
    { url = "https://files.pythonhosted.org/packages/aa/5a/4cd408d90d1417e8d2ce6a22b98a6853c1b4d7cb7669153e4424d60087f6/msgspec-0.19.0-cp313-cp313-musllinux_1_2_x86_64.whl", hash = "sha256:a5bc1472223a643f5ffb5bf46ccdede7f9795078194f14edd69e3aab7020d327", size = 219087, upload-time = "2024-12-27T17:40:14.881Z" },
    { url = "https://files.pythonhosted.org/packages/23/d8/f15b40611c2d5753d1abb0ca0da0c75348daf1252220e5dda2867bd81062/msgspec-0.19.0-cp313-cp313-win_amd64.whl", hash = "sha256:317050bc0f7739cb30d257ff09152ca309bf5a369854bbf1e57dffc310c1f20f", size = 187432, upload-time = "2024-12-27T17:40:16.256Z" },
]

[[package]]
name = "packaging"
version = "25.0"
source = { registry = "https://pypi.org/simple" }
sdist = { url = "https://files.pythonhosted.org/packages/a1/d4/1fc4078c65507b51b96ca8f8c3ba19e6a61c8253c72794544580a7b6c24d/packaging-25.0.tar.gz", hash = "sha256:d443872c98d677bf60f6a1f2f8c1cb748e8fe762d2bf9d3148b5599295b0fc4f", size = 165727, upload-time = "2025-04-19T11:48:59.673Z" }
wheels = [
    { url = "https://files.pythonhosted.org/packages/20/12/38679034af332785aac8774540895e234f4d07f7545804097de4b666afd8/packaging-25.0-py3-none-any.whl", hash = "sha256:29572ef2b1f17581046b3a2227d5c611fb25ec70ca1ba8554b24b0e69331a484", size = 66469, upload-time = "2025-04-19T11:48:57.875Z" },
]

[[package]]
name = "pluggy"
version = "1.6.0"
source = { registry = "https://pypi.org/simple" }
sdist = { url = "https://files.pythonhosted.org/packages/f9/e2/3e91f31a7d2b083fe6ef3fa267035b518369d9511ffab804f839851d2779/pluggy-1.6.0.tar.gz", hash = "sha256:7dcc130b76258d33b90f61b658791dede3486c3e6bfb003ee5c9bfb396dd22f3", size = 69412, upload-time = "2025-05-15T12:30:07.975Z" }
wheels = [
    { url = "https://files.pythonhosted.org/packages/54/20/4d324d65cc6d9205fabedc306948156824eb9f0ee1633355a8f7ec5c66bf/pluggy-1.6.0-py3-none-any.whl", hash = "sha256:e920276dd6813095e9377c0bc5566d94c932c33b27a3e3945d8389c374dd4746", size = 20538, upload-time = "2025-05-15T12:30:06.134Z" },
]

[[package]]
name = "pygments"
version = "2.19.2"
source = { registry = "https://pypi.org/simple" }
sdist = { url = "https://files.pythonhosted.org/packages/b0/77/a5b8c569bf593b0140bde72ea885a803b82086995367bf2037de0159d924/pygments-2.19.2.tar.gz", hash = "sha256:636cb2477cec7f8952536970bc533bc43743542f70392ae026374600add5b887", size = 4968631, upload-time = "2025-06-21T13:39:12.283Z" }
wheels = [
    { url = "https://files.pythonhosted.org/packages/c7/21/705964c7812476f378728bdf590ca4b771ec72385c533964653c68e86bdc/pygments-2.19.2-py3-none-any.whl", hash = "sha256:86540386c03d588bb81d44bc3928634ff26449851e99741617ecb9037ee5ec0b", size = 1225217, upload-time = "2025-06-21T13:39:07.939Z" },
]

[[package]]
name = "pytest"
version = "8.4.1"
source = { registry = "https://pypi.org/simple" }
dependencies = [
    { name = "colorama", marker = "sys_platform == 'win32'" },
    { name = "iniconfig" },
    { name = "packaging" },
    { name = "pluggy" },
    { name = "pygments" },
]
sdist = { url = "https://files.pythonhosted.org/packages/08/ba/45911d754e8eba3d5a841a5ce61a65a685ff1798421ac054f85aa8747dfb/pytest-8.4.1.tar.gz", hash = "sha256:7c67fd69174877359ed9371ec3af8a3d2b04741818c51e5e99cc1742251fa93c", size = 1517714, upload-time = "2025-06-18T05:48:06.109Z" }
wheels = [
    { url = "https://files.pythonhosted.org/packages/29/16/c8a903f4c4dffe7a12843191437d7cd8e32751d5de349d45d3fe69544e87/pytest-8.4.1-py3-none-any.whl", hash = "sha256:539c70ba6fcead8e78eebbf1115e8b589e7565830d7d006a8723f19ac8a0afb7", size = 365474, upload-time = "2025-06-18T05:48:03.955Z" },
]

[[package]]
name = "python-magic"
version = "0.4.27"
source = { registry = "https://pypi.org/simple" }
sdist = { url = "https://files.pythonhosted.org/packages/da/db/0b3e28ac047452d079d375ec6798bf76a036a08182dbb39ed38116a49130/python-magic-0.4.27.tar.gz", hash = "sha256:c1ba14b08e4a5f5c31a302b7721239695b2f0f058d125bd5ce1ee36b9d9d3c3b", size = 14677, upload-time = "2022-06-07T20:16:59.508Z" }
wheels = [
    { url = "https://files.pythonhosted.org/packages/6c/73/9f872cb81fc5c3bb48f7227872c28975f998f3e7c2b1c16e95e6432bbb90/python_magic-0.4.27-py2.py3-none-any.whl", hash = "sha256:c212960ad306f700aa0d01e5d7a325d20548ff97eb9920dcd29513174f0294d3", size = 13840, upload-time = "2022-06-07T20:16:57.763Z" },
]

[[package]]
name = "ruff"
version = "0.12.9"
source = { registry = "https://pypi.org/simple" }
sdist = { url = "https://files.pythonhosted.org/packages/4a/45/2e403fa7007816b5fbb324cb4f8ed3c7402a927a0a0cb2b6279879a8bfdc/ruff-0.12.9.tar.gz", hash = "sha256:fbd94b2e3c623f659962934e52c2bea6fc6da11f667a427a368adaf3af2c866a", size = 5254702, upload-time = "2025-08-14T16:08:55.2Z" }
wheels = [
    { url = "https://files.pythonhosted.org/packages/ad/20/53bf098537adb7b6a97d98fcdebf6e916fcd11b2e21d15f8c171507909cc/ruff-0.12.9-py3-none-linux_armv6l.whl", hash = "sha256:fcebc6c79fcae3f220d05585229463621f5dbf24d79fdc4936d9302e177cfa3e", size = 11759705, upload-time = "2025-08-14T16:08:12.968Z" },
    { url = "https://files.pythonhosted.org/packages/20/4d/c764ee423002aac1ec66b9d541285dd29d2c0640a8086c87de59ebbe80d5/ruff-0.12.9-py3-none-macosx_10_12_x86_64.whl", hash = "sha256:aed9d15f8c5755c0e74467731a007fcad41f19bcce41cd75f768bbd687f8535f", size = 12527042, upload-time = "2025-08-14T16:08:16.54Z" },
    { url = "https://files.pythonhosted.org/packages/8b/45/cfcdf6d3eb5fc78a5b419e7e616d6ccba0013dc5b180522920af2897e1be/ruff-0.12.9-py3-none-macosx_11_0_arm64.whl", hash = "sha256:5b15ea354c6ff0d7423814ba6d44be2807644d0c05e9ed60caca87e963e93f70", size = 11724457, upload-time = "2025-08-14T16:08:18.686Z" },
    { url = "https://files.pythonhosted.org/packages/72/e6/44615c754b55662200c48bebb02196dbb14111b6e266ab071b7e7297b4ec/ruff-0.12.9-py3-none-manylinux_2_17_aarch64.manylinux2014_aarch64.whl", hash = "sha256:d596c2d0393c2502eaabfef723bd74ca35348a8dac4267d18a94910087807c53", size = 11949446, upload-time = "2025-08-14T16:08:21.059Z" },
    { url = "https://files.pythonhosted.org/packages/fd/d1/9b7d46625d617c7df520d40d5ac6cdcdf20cbccb88fad4b5ecd476a6bb8d/ruff-0.12.9-py3-none-manylinux_2_17_armv7l.manylinux2014_armv7l.whl", hash = "sha256:1b15599931a1a7a03c388b9c5df1bfa62be7ede6eb7ef753b272381f39c3d0ff", size = 11566350, upload-time = "2025-08-14T16:08:23.433Z" },
    { url = "https://files.pythonhosted.org/packages/59/20/b73132f66f2856bc29d2d263c6ca457f8476b0bbbe064dac3ac3337a270f/ruff-0.12.9-py3-none-manylinux_2_17_i686.manylinux2014_i686.whl", hash = "sha256:3d02faa2977fb6f3f32ddb7828e212b7dd499c59eb896ae6c03ea5c303575756", size = 13270430, upload-time = "2025-08-14T16:08:25.837Z" },
    { url = "https://files.pythonhosted.org/packages/a2/21/eaf3806f0a3d4c6be0a69d435646fba775b65f3f2097d54898b0fd4bb12e/ruff-0.12.9-py3-none-manylinux_2_17_ppc64.manylinux2014_ppc64.whl", hash = "sha256:17d5b6b0b3a25259b69ebcba87908496e6830e03acfb929ef9fd4c58675fa2ea", size = 14264717, upload-time = "2025-08-14T16:08:27.907Z" },
    { url = "https://files.pythonhosted.org/packages/d2/82/1d0c53bd37dcb582b2c521d352fbf4876b1e28bc0d8894344198f6c9950d/ruff-0.12.9-py3-none-manylinux_2_17_ppc64le.manylinux2014_ppc64le.whl", hash = "sha256:72db7521860e246adbb43f6ef464dd2a532ef2ef1f5dd0d470455b8d9f1773e0", size = 13684331, upload-time = "2025-08-14T16:08:30.352Z" },
    { url = "https://files.pythonhosted.org/packages/3b/2f/1c5cf6d8f656306d42a686f1e207f71d7cebdcbe7b2aa18e4e8a0cb74da3/ruff-0.12.9-py3-none-manylinux_2_17_s390x.manylinux2014_s390x.whl", hash = "sha256:a03242c1522b4e0885af63320ad754d53983c9599157ee33e77d748363c561ce", size = 12739151, upload-time = "2025-08-14T16:08:32.55Z" },
    { url = "https://files.pythonhosted.org/packages/47/09/25033198bff89b24d734e6479e39b1968e4c992e82262d61cdccaf11afb9/ruff-0.12.9-py3-none-manylinux_2_17_x86_64.manylinux2014_x86_64.whl", hash = "sha256:9fc83e4e9751e6c13b5046d7162f205d0a7bac5840183c5beebf824b08a27340", size = 12954992, upload-time = "2025-08-14T16:08:34.816Z" },
    { url = "https://files.pythonhosted.org/packages/52/8e/d0dbf2f9dca66c2d7131feefc386523404014968cd6d22f057763935ab32/ruff-0.12.9-py3-none-manylinux_2_31_riscv64.whl", hash = "sha256:881465ed56ba4dd26a691954650de6ad389a2d1fdb130fe51ff18a25639fe4bb", size = 12899569, upload-time = "2025-08-14T16:08:36.852Z" },
    { url = "https://files.pythonhosted.org/packages/a0/bd/b614d7c08515b1428ed4d3f1d4e3d687deffb2479703b90237682586fa66/ruff-0.12.9-py3-none-musllinux_1_2_aarch64.whl", hash = "sha256:43f07a3ccfc62cdb4d3a3348bf0588358a66da756aa113e071b8ca8c3b9826af", size = 11751983, upload-time = "2025-08-14T16:08:39.314Z" },
    { url = "https://files.pythonhosted.org/packages/58/d6/383e9f818a2441b1a0ed898d7875f11273f10882f997388b2b51cb2ae8b5/ruff-0.12.9-py3-none-musllinux_1_2_armv7l.whl", hash = "sha256:07adb221c54b6bba24387911e5734357f042e5669fa5718920ee728aba3cbadc", size = 11538635, upload-time = "2025-08-14T16:08:41.297Z" },
    { url = "https://files.pythonhosted.org/packages/20/9c/56f869d314edaa9fc1f491706d1d8a47747b9d714130368fbd69ce9024e9/ruff-0.12.9-py3-none-musllinux_1_2_i686.whl", hash = "sha256:f5cd34fabfdea3933ab85d72359f118035882a01bff15bd1d2b15261d85d5f66", size = 12534346, upload-time = "2025-08-14T16:08:43.39Z" },
    { url = "https://files.pythonhosted.org/packages/bd/4b/d8b95c6795a6c93b439bc913ee7a94fda42bb30a79285d47b80074003ee7/ruff-0.12.9-py3-none-musllinux_1_2_x86_64.whl", hash = "sha256:f6be1d2ca0686c54564da8e7ee9e25f93bdd6868263805f8c0b8fc6a449db6d7", size = 13017021, upload-time = "2025-08-14T16:08:45.889Z" },
    { url = "https://files.pythonhosted.org/packages/c7/c1/5f9a839a697ce1acd7af44836f7c2181cdae5accd17a5cb85fcbd694075e/ruff-0.12.9-py3-none-win32.whl", hash = "sha256:cc7a37bd2509974379d0115cc5608a1a4a6c4bff1b452ea69db83c8855d53f93", size = 11734785, upload-time = "2025-08-14T16:08:48.062Z" },
    { url = "https://files.pythonhosted.org/packages/fa/66/cdddc2d1d9a9f677520b7cfc490d234336f523d4b429c1298de359a3be08/ruff-0.12.9-py3-none-win_amd64.whl", hash = "sha256:6fb15b1977309741d7d098c8a3cb7a30bc112760a00fb6efb7abc85f00ba5908", size = 12840654, upload-time = "2025-08-14T16:08:50.158Z" },
    { url = "https://files.pythonhosted.org/packages/ac/fd/669816bc6b5b93b9586f3c1d87cd6bc05028470b3ecfebb5938252c47a35/ruff-0.12.9-py3-none-win_arm64.whl", hash = "sha256:63c8c819739d86b96d500cce885956a1a48ab056bbcbc61b747ad494b2485089", size = 11949623, upload-time = "2025-08-14T16:08:52.233Z" },
]
